
Microsoft Visual Studio Solution File, Format Version 12.00
# Visual Studio Version 17
VisualStudioVersion = 17.9.34701.34
MinimumVisualStudioVersion = 10.0.40219.1
Project("{9A19103F-16F7-4668-BE54-9A1E7A4F7556}") = "SimpleBlog.Api", "src\SimpleBlog.Api\SimpleBlog.Api.csproj", "{9B3F0C27-156B-4CF0-A7AB-A0E53037E7F2}"
EndProject
Project("{9A19103F-16F7-4668-BE54-9A1E7A4F7556}") = "SimpleBlog.Domain", "src\SimpleBlog.Domain\SimpleBlog.Domain.csproj", "{8DEFA5B4-4232-4028-AE65-AE1B756EBC8A}"
EndProject
Project("{9A19103F-16F7-4668-BE54-9A1E7A4F7556}") = "SimpleBlog.Infra.Data", "src\SimpleBlog.Infra.Data\SimpleBlog.Infra.Data.csproj", "{E0523C60-F218-43E9-AEB2-0C2724C28952}"
EndProject
Project("{9A19103F-16F7-4668-BE54-9A1E7A4F7556}") = "SimpleBlog.Application", "src\SimpleBlog.Application\SimpleBlog.Application.csproj", "{2327BC3B-0E3E-4EA6-BD41-B194760555E3}"
EndProject
Project("{FAE04EC0-301F-11D3-BF4B-00C04F79EFBC}") = "SimpleBlog.Infra.IoC", "src\SimpleBlog.Infra.IoC\SimpleBlog.Infra.IoC.csproj", "{92602B5D-59FD-47BF-A41B-18574F13F685}"
EndProject
Global
	GlobalSection(SolutionConfigurationPlatforms) = preSolution
		Debug|Any CPU = Debug|Any CPU
		Release|Any CPU = Release|Any CPU
	EndGlobalSection
	GlobalSection(ProjectConfigurationPlatforms) = postSolution
		{9B3F0C27-156B-4CF0-A7AB-A0E53037E7F2}.Debug|Any CPU.ActiveCfg = Debug|Any CPU
		{9B3F0C27-156B-4CF0-A7AB-A0E53037E7F2}.Debug|Any CPU.Build.0 = Debug|Any CPU
		{9B3F0C27-156B-4CF0-A7AB-A0E53037E7F2}.Release|Any CPU.ActiveCfg = Release|Any CPU
		{9B3F0C27-156B-4CF0-A7AB-A0E53037E7F2}.Release|Any CPU.Build.0 = Release|Any CPU
		{8DEFA5B4-4232-4028-AE65-AE1B756EBC8A}.Debug|Any CPU.ActiveCfg = Debug|Any CPU
		{8DEFA5B4-4232-4028-AE65-AE1B756EBC8A}.Debug|Any CPU.Build.0 = Debug|Any CPU
		{8DEFA5B4-4232-4028-AE65-AE1B756EBC8A}.Release|Any CPU.ActiveCfg = Release|Any CPU
		{8DEFA5B4-4232-4028-AE65-AE1B756EBC8A}.Release|Any CPU.Build.0 = Release|Any CPU
		{E0523C60-F218-43E9-AEB2-0C2724C28952}.Debug|Any CPU.ActiveCfg = Debug|Any CPU
		{E0523C60-F218-43E9-AEB2-0C2724C28952}.Debug|Any CPU.Build.0 = Debug|Any CPU
		{E0523C60-F218-43E9-AEB2-0C2724C28952}.Release|Any CPU.ActiveCfg = Release|Any CPU
		{E0523C60-F218-43E9-AEB2-0C2724C28952}.Release|Any CPU.Build.0 = Release|Any CPU
		{2327BC3B-0E3E-4EA6-BD41-B194760555E3}.Debug|Any CPU.ActiveCfg = Debug|Any CPU
		{2327BC3B-0E3E-4EA6-BD41-B194760555E3}.Debug|Any CPU.Build.0 = Debug|Any CPU
		{2327BC3B-0E3E-4EA6-BD41-B194760555E3}.Release|Any CPU.ActiveCfg = Release|Any CPU
		{2327BC3B-0E3E-4EA6-BD41-B194760555E3}.Release|Any CPU.Build.0 = Release|Any CPU
		{92602B5D-59FD-47BF-A41B-18574F13F685}.Debug|Any CPU.ActiveCfg = Debug|Any CPU
		{92602B5D-59FD-47BF-A41B-18574F13F685}.Debug|Any CPU.Build.0 = Debug|Any CPU
		{92602B5D-59FD-47BF-A41B-18574F13F685}.Release|Any CPU.ActiveCfg = Release|Any CPU
		{92602B5D-59FD-47BF-A41B-18574F13F685}.Release|Any CPU.Build.0 = Release|Any CPU
	EndGlobalSection
	GlobalSection(SolutionProperties) = preSolution
		HideSolutionNode = FALSE
	EndGlobalSection
	GlobalSection(ExtensibilityGlobals) = postSolution
		SolutionGuid = {755DEDCA-7DD2-44F3-BBFF-F0B54D67D6CA}
	EndGlobalSection
EndGlobal
